
Microsoft Visual Studio Solution File, Format Version 12.00
# Visual Studio 2015
Project("{FAE04EC0-301F-11D3-BF4B-00C04F79EFBC}") = "JenkinsTest.CSharp", "JenkinsTest.CSharp.csproj", "{155716F1-698E-4BB7-85E4-48F6F6F7EDD5}"
EndProject
Project("{FAE04EC0-301F-11D3-BF4B-00C04F79EFBC}") = "JenkinsTest.CSharp.Editor", "JenkinsTest.CSharp.Editor.csproj", "{EEF5B52F-94EB-16D6-2F81-756F8F81A1AD}"
EndProject
Global
	GlobalSection(SolutionConfigurationPlatforms) = preSolution
		Debug|Any CPU = Debug|Any CPU
		Release|Any CPU = Release|Any CPU
	EndGlobalSection
	GlobalSection(ProjectConfigurationPlatforms) = postSolution
		{155716F1-698E-4BB7-85E4-48F6F6F7EDD5}.Debug|Any CPU.ActiveCfg = Debug|Any CPU
		{155716F1-698E-4BB7-85E4-48F6F6F7EDD5}.Debug|Any CPU.Build.0 = Debug|Any CPU
		{155716F1-698E-4BB7-85E4-48F6F6F7EDD5}.Release|Any CPU.ActiveCfg = Release|Any CPU
		{155716F1-698E-4BB7-85E4-48F6F6F7EDD5}.Release|Any CPU.Build.0 = Release|Any CPU
		{EEF5B52F-94EB-16D6-2F81-756F8F81A1AD}.Debug|Any CPU.ActiveCfg = Debug|Any CPU
		{EEF5B52F-94EB-16D6-2F81-756F8F81A1AD}.Debug|Any CPU.Build.0 = Debug|Any CPU
		{EEF5B52F-94EB-16D6-2F81-756F8F81A1AD}.Release|Any CPU.ActiveCfg = Release|Any CPU
		{EEF5B52F-94EB-16D6-2F81-756F8F81A1AD}.Release|Any CPU.Build.0 = Release|Any CPU
	EndGlobalSection
	GlobalSection(SolutionProperties) = preSolution
		HideSolutionNode = FALSE
	EndGlobalSection
EndGlobal
